// !$*UTF8*$!
{
	archiveVersion = 1;
	classes = {
	};
	objectVersion = 50;
	objects = {

/* Begin PBXBuildFile section */
		08A5BF332250B60B00FB4FC4 /* TTSlidePlayProgress.swift in Sources */ = {isa = PBXBuildFile; fileRef = 08A5BF322250B60B00FB4FC4 /* TTSlidePlayProgress.swift */; };
		20536F91224B1C690072872D /* 01-课程安排.mp4 in Resources */ = {isa = PBXBuildFile; fileRef = 20536F90224B1C690072872D /* 01-课程安排.mp4 */; };
		20536F93224B4D530072872D /* TTAVPlayer.swift in Sources */ = {isa = PBXBuildFile; fileRef = 20536F92224B4D530072872D /* TTAVPlayer.swift */; };
		20536F97224B60970072872D /* TTBottomBarView.swift in Sources */ = {isa = PBXBuildFile; fileRef = 20536F96224B60970072872D /* TTBottomBarView.swift */; };
		20536F99224B660C0072872D /* TTView+Extension.swift in Sources */ = {isa = PBXBuildFile; fileRef = 20536F98224B660C0072872D /* TTView+Extension.swift */; };
		20536F9B224B6AA00072872D /* TTSlider.swift in Sources */ = {isa = PBXBuildFile; fileRef = 20536F9A224B6AA00072872D /* TTSlider.swift */; };
		20556F6522438116007C0172 /* AppDelegate.swift in Sources */ = {isa = PBXBuildFile; fileRef = 20556F6422438116007C0172 /* AppDelegate.swift */; };
		20556F6722438116007C0172 /* ViewController.swift in Sources */ = {isa = PBXBuildFile; fileRef = 20556F6622438116007C0172 /* ViewController.swift */; };
		20556F6A22438116007C0172 /* Main.storyboard in Resources */ = {isa = PBXBuildFile; fileRef = 20556F6822438116007C0172 /* Main.storyboard */; };
		20556F6C22438117007C0172 /* Assets.xcassets in Resources */ = {isa = PBXBuildFile; fileRef = 20556F6B22438117007C0172 /* Assets.xcassets */; };
		20556F6F22438118007C0172 /* LaunchScreen.storyboard in Resources */ = {isa = PBXBuildFile; fileRef = 20556F6D22438118007C0172 /* LaunchScreen.storyboard */; };
		2061D6332249B665006929D8 /* TTNavigationController.swift in Sources */ = {isa = PBXBuildFile; fileRef = 2061D6322249B665006929D8 /* TTNavigationController.swift */; };
		2061D6352249B674006929D8 /* TTMainTabBar.swift in Sources */ = {isa = PBXBuildFile; fileRef = 2061D6342249B674006929D8 /* TTMainTabBar.swift */; };
		2061D6372249B68A006929D8 /* TTBaseController.swift in Sources */ = {isa = PBXBuildFile; fileRef = 2061D6362249B68A006929D8 /* TTBaseController.swift */; };
		2061D63A2249C6D4006929D8 /* TTHomeController.swift in Sources */ = {isa = PBXBuildFile; fileRef = 2061D6392249C6D4006929D8 /* TTHomeController.swift */; };
		2061D63C2249C6E5006929D8 /* TTMyController.swift in Sources */ = {isa = PBXBuildFile; fileRef = 2061D63B2249C6E5006929D8 /* TTMyController.swift */; };
		2064A6FF2248AC3200363BDC /* TTAVPlayerView.swift in Sources */ = {isa = PBXBuildFile; fileRef = 2064A6FE2248AC3200363BDC /* TTAVPlayerView.swift */; };
		2064A7012248AEF700363BDC /* TTCONSTDefine.swift in Sources */ = {isa = PBXBuildFile; fileRef = 2064A7002248AEF700363BDC /* TTCONSTDefine.swift */; };
		2064A7032248B1E000363BDC /* TTRefs.swift in Sources */ = {isa = PBXBuildFile; fileRef = 2064A7022248B1E000363BDC /* TTRefs.swift */; };
		2064A7052248B6B100363BDC /* TTLog.swift in Sources */ = {isa = PBXBuildFile; fileRef = 2064A7042248B6B100363BDC /* TTLog.swift */; };
		2072C78D2251BF29000A9587 /* TTBrightnessView.swift in Sources */ = {isa = PBXBuildFile; fileRef = 2072C78C2251BF29000A9587 /* TTBrightnessView.swift */; };
		2072C78F2251BF61000A9587 /* TTMPVolume.swift in Sources */ = {isa = PBXBuildFile; fileRef = 2072C78E2251BF61000A9587 /* TTMPVolume.swift */; };
		2072C7912251BF81000A9587 /* TTMPVolumeView.swift in Sources */ = {isa = PBXBuildFile; fileRef = 2072C7902251BF81000A9587 /* TTMPVolumeView.swift */; };
		20883893224C69DA008928BF /* TTPlayerOrientation.swift in Sources */ = {isa = PBXBuildFile; fileRef = 20883892224C69DA008928BF /* TTPlayerOrientation.swift */; };
		20883895224C6E27008928BF /* TTTopBarView.swift in Sources */ = {isa = PBXBuildFile; fileRef = 20883894224C6E27008928BF /* TTTopBarView.swift */; };
		20BBD0DA2252FA35007D205C /* TTTestViewController.swift in Sources */ = {isa = PBXBuildFile; fileRef = 20BBD0D92252FA35007D205C /* TTTestViewController.swift */; };
/* End PBXBuildFile section */

/* Begin PBXFileReference section */
		08A5BF322250B60B00FB4FC4 /* TTSlidePlayProgress.swift */ = {isa = PBXFileReference; lastKnownFileType = sourcecode.swift; path = TTSlidePlayProgress.swift; sourceTree = "<group>"; };
		20536F90224B1C690072872D /* 01-课程安排.mp4 */ = {isa = PBXFileReference; lastKnownFileType = file; path = "01-课程安排.mp4"; sourceTree = "<group>"; };
		20536F92224B4D530072872D /* TTAVPlayer.swift */ = {isa = PBXFileReference; lastKnownFileType = sourcecode.swift; path = TTAVPlayer.swift; sourceTree = "<group>"; };
		20536F96224B60970072872D /* TTBottomBarView.swift */ = {isa = PBXFileReference; lastKnownFileType = sourcecode.swift; path = TTBottomBarView.swift; sourceTree = "<group>"; };
		20536F98224B660C0072872D /* TTView+Extension.swift */ = {isa = PBXFileReference; lastKnownFileType = sourcecode.swift; path = "TTView+Extension.swift"; sourceTree = "<group>"; };
		20536F9A224B6AA00072872D /* TTSlider.swift */ = {isa = PBXFileReference; lastKnownFileType = sourcecode.swift; path = TTSlider.swift; sourceTree = "<group>"; };
		20556F6122438116007C0172 /* TTAVPlayer.app */ = {isa = PBXFileReference; explicitFileType = wrapper.application; includeInIndex = 0; path = TTAVPlayer.app; sourceTree = BUILT_PRODUCTS_DIR; };
		20556F6422438116007C0172 /* AppDelegate.swift */ = {isa = PBXFileReference; lastKnownFileType = sourcecode.swift; path = AppDelegate.swift; sourceTree = "<group>"; };
		20556F6622438116007C0172 /* ViewController.swift */ = {isa = PBXFileReference; lastKnownFileType = sourcecode.swift; path = ViewController.swift; sourceTree = "<group>"; };
		20556F6922438116007C0172 /* Base */ = {isa = PBXFileReference; lastKnownFileType = file.storyboard; name = Base; path = Base.lproj/Main.storyboard; sourceTree = "<group>"; };
		20556F6B22438117007C0172 /* Assets.xcassets */ = {isa = PBXFileReference; lastKnownFileType = folder.assetcatalog; path = Assets.xcassets; sourceTree = "<group>"; };
		20556F6E22438118007C0172 /* Base */ = {isa = PBXFileReference; lastKnownFileType = file.storyboard; name = Base; path = Base.lproj/LaunchScreen.storyboard; sourceTree = "<group>"; };
		20556F7022438118007C0172 /* Info.plist */ = {isa = PBXFileReference; lastKnownFileType = text.plist.xml; path = Info.plist; sourceTree = "<group>"; };
		2061D6322249B665006929D8 /* TTNavigationController.swift */ = {isa = PBXFileReference; lastKnownFileType = sourcecode.swift; path = TTNavigationController.swift; sourceTree = "<group>"; };
		2061D6342249B674006929D8 /* TTMainTabBar.swift */ = {isa = PBXFileReference; lastKnownFileType = sourcecode.swift; path = TTMainTabBar.swift; sourceTree = "<group>"; };
		2061D6362249B68A006929D8 /* TTBaseController.swift */ = {isa = PBXFileReference; lastKnownFileType = sourcecode.swift; path = TTBaseController.swift; sourceTree = "<group>"; };
		2061D6392249C6D4006929D8 /* TTHomeController.swift */ = {isa = PBXFileReference; lastKnownFileType = sourcecode.swift; path = TTHomeController.swift; sourceTree = "<group>"; };
		2061D63B2249C6E5006929D8 /* TTMyController.swift */ = {isa = PBXFileReference; lastKnownFileType = sourcecode.swift; path = TTMyController.swift; sourceTree = "<group>"; };
		2064A6FE2248AC3200363BDC /* TTAVPlayerView.swift */ = {isa = PBXFileReference; lastKnownFileType = sourcecode.swift; path = TTAVPlayerView.swift; sourceTree = "<group>"; };
		2064A7002248AEF700363BDC /* TTCONSTDefine.swift */ = {isa = PBXFileReference; lastKnownFileType = sourcecode.swift; path = TTCONSTDefine.swift; sourceTree = "<group>"; };
		2064A7022248B1E000363BDC /* TTRefs.swift */ = {isa = PBXFileReference; lastKnownFileType = sourcecode.swift; path = TTRefs.swift; sourceTree = "<group>"; };
		2064A7042248B6B100363BDC /* TTLog.swift */ = {isa = PBXFileReference; lastKnownFileType = sourcecode.swift; path = TTLog.swift; sourceTree = "<group>"; };
		2072C78C2251BF29000A9587 /* TTBrightnessView.swift */ = {isa = PBXFileReference; lastKnownFileType = sourcecode.swift; path = TTBrightnessView.swift; sourceTree = "<group>"; };
		2072C78E2251BF61000A9587 /* TTMPVolume.swift */ = {isa = PBXFileReference; lastKnownFileType = sourcecode.swift; path = TTMPVolume.swift; sourceTree = "<group>"; };
		2072C7902251BF81000A9587 /* TTMPVolumeView.swift */ = {isa = PBXFileReference; lastKnownFileType = sourcecode.swift; path = TTMPVolumeView.swift; sourceTree = "<group>"; };
		2072C7922251EFB4000A9587 /* TTAVPlayer.entitlements */ = {isa = PBXFileReference; lastKnownFileType = text.plist.entitlements; path = TTAVPlayer.entitlements; sourceTree = "<group>"; };
		20883892224C69DA008928BF /* TTPlayerOrientation.swift */ = {isa = PBXFileReference; lastKnownFileType = sourcecode.swift; path = TTPlayerOrientation.swift; sourceTree = "<group>"; };
		20883894224C6E27008928BF /* TTTopBarView.swift */ = {isa = PBXFileReference; lastKnownFileType = sourcecode.swift; path = TTTopBarView.swift; sourceTree = "<group>"; };
		20BBD0D92252FA35007D205C /* TTTestViewController.swift */ = {isa = PBXFileReference; lastKnownFileType = sourcecode.swift; path = TTTestViewController.swift; sourceTree = "<group>"; };
/* End PBXFileReference section */

/* Begin PBXFrameworksBuildPhase section */
		20556F5E22438116007C0172 /* Frameworks */ = {
			isa = PBXFrameworksBuildPhase;
			buildActionMask = 2147483647;
			files = (
			);
			runOnlyForDeploymentPostprocessing = 0;
		};
/* End PBXFrameworksBuildPhase section */

/* Begin PBXGroup section */
		20556F5822438116007C0172 = {
			isa = PBXGroup;
			children = (
				20556F6322438116007C0172 /* TTAVPlayer */,
				20556F6222438116007C0172 /* Products */,
			);
			sourceTree = "<group>";
		};
		20556F6222438116007C0172 /* Products */ = {
			isa = PBXGroup;
			children = (
				20556F6122438116007C0172 /* TTAVPlayer.app */,
			);
			name = Products;
			sourceTree = "<group>";
		};
		20556F6322438116007C0172 /* TTAVPlayer */ = {
			isa = PBXGroup;
			children = (
				2072C7922251EFB4000A9587 /* TTAVPlayer.entitlements */,
				2061D6312249B651006929D8 /* Main */,
				2061D6382249C6C6006929D8 /* Classes */,
				2064A6FD2248AC2200363BDC /* TTAVPlayer-视频播放器 */,
				20556F6422438116007C0172 /* AppDelegate.swift */,
				20556F6622438116007C0172 /* ViewController.swift */,
				20536F90224B1C690072872D /* 01-课程安排.mp4 */,
				20556F6822438116007C0172 /* Main.storyboard */,
				20556F6B22438117007C0172 /* Assets.xcassets */,
				20556F6D22438118007C0172 /* LaunchScreen.storyboard */,
				20556F7022438118007C0172 /* Info.plist */,
			);
			path = TTAVPlayer;
			sourceTree = "<group>";
		};
		2061D6312249B651006929D8 /* Main */ = {
			isa = PBXGroup;
			children = (
				2061D6342249B674006929D8 /* TTMainTabBar.swift */,
				2061D6322249B665006929D8 /* TTNavigationController.swift */,
				2061D6362249B68A006929D8 /* TTBaseController.swift */,
			);
			path = Main;
			sourceTree = "<group>";
		};
		2061D6382249C6C6006929D8 /* Classes */ = {
			isa = PBXGroup;
			children = (
				2061D6392249C6D4006929D8 /* TTHomeController.swift */,
				2061D63B2249C6E5006929D8 /* TTMyController.swift */,
				20BBD0D92252FA35007D205C /* TTTestViewController.swift */,
			);
			path = Classes;
			sourceTree = "<group>";
		};
		2064A6FD2248AC2200363BDC /* TTAVPlayer-视频播放器 */ = {
			isa = PBXGroup;
			children = (
				20883891224C5A9F008928BF /* Tools */,
				20536F92224B4D530072872D /* TTAVPlayer.swift */,
				2064A6FE2248AC3200363BDC /* TTAVPlayerView.swift */,
				20536F96224B60970072872D /* TTBottomBarView.swift */,
				20536F9A224B6AA00072872D /* TTSlider.swift */,
				20883894224C6E27008928BF /* TTTopBarView.swift */,
				08A5BF322250B60B00FB4FC4 /* TTSlidePlayProgress.swift */,
				2072C78C2251BF29000A9587 /* TTBrightnessView.swift */,
				2072C78E2251BF61000A9587 /* TTMPVolume.swift */,
				2072C7902251BF81000A9587 /* TTMPVolumeView.swift */,
			);
			path = "TTAVPlayer-视频播放器";
			sourceTree = "<group>";
		};
		20883891224C5A9F008928BF /* Tools */ = {
			isa = PBXGroup;
			children = (
				20536F98224B660C0072872D /* TTView+Extension.swift */,
				2064A7022248B1E000363BDC /* TTRefs.swift */,
				2064A7002248AEF700363BDC /* TTCONSTDefine.swift */,
				2064A7042248B6B100363BDC /* TTLog.swift */,
				20883892224C69DA008928BF /* TTPlayerOrientation.swift */,
			);
			path = Tools;
			sourceTree = "<group>";
		};
/* End PBXGroup section */

/* Begin PBXNativeTarget section */
		20556F6022438116007C0172 /* TTAVPlayer */ = {
			isa = PBXNativeTarget;
			buildConfigurationList = 20556F7322438118007C0172 /* Build configuration list for PBXNativeTarget "TTAVPlayer" */;
			buildPhases = (
				20556F5D22438116007C0172 /* Sources */,
				20556F5E22438116007C0172 /* Frameworks */,
				20556F5F22438116007C0172 /* Resources */,
			);
			buildRules = (
			);
			dependencies = (
			);
			name = TTAVPlayer;
			productName = TTAVPlayer;
			productReference = 20556F6122438116007C0172 /* TTAVPlayer.app */;
			productType = "com.apple.product-type.application";
		};
/* End PBXNativeTarget section */

/* Begin PBXProject section */
		20556F5922438116007C0172 /* Project object */ = {
			isa = PBXProject;
			attributes = {
				LastSwiftUpdateCheck = 1000;
				LastUpgradeCheck = 1000;
				ORGANIZATIONNAME = Maiya;
				TargetAttributes = {
					20556F6022438116007C0172 = {
						CreatedOnToolsVersion = 10.0;
						SystemCapabilities = {
							com.apple.ApplicationGroups.iOS = {
								enabled = 0;
							};
							com.apple.BackgroundModes = {
								enabled = 1;
							};
						};
					};
				};
			};
			buildConfigurationList = 20556F5C22438116007C0172 /* Build configuration list for PBXProject "TTAVPlayer" */;
			compatibilityVersion = "Xcode 9.3";
			developmentRegion = en;
			hasScannedForEncodings = 0;
			knownRegions = (
				en,
				Base,
			);
			mainGroup = 20556F5822438116007C0172;
			productRefGroup = 20556F6222438116007C0172 /* Products */;
			projectDirPath = "";
			projectRoot = "";
			targets = (
				20556F6022438116007C0172 /* TTAVPlayer */,
			);
		};
/* End PBXProject section */

/* Begin PBXResourcesBuildPhase section */
		20556F5F22438116007C0172 /* Resources */ = {
			isa = PBXResourcesBuildPhase;
			buildActionMask = 2147483647;
			files = (
				20536F91224B1C690072872D /* 01-课程安排.mp4 in Resources */,
				20556F6F22438118007C0172 /* LaunchScreen.storyboard in Resources */,
				20556F6C22438117007C0172 /* Assets.xcassets in Resources */,
				20556F6A22438116007C0172 /* Main.storyboard in Resources */,
			);
			runOnlyForDeploymentPostprocessing = 0;
		};
/* End PBXResourcesBuildPhase section */

/* Begin PBXSourcesBuildPhase section */
		20556F5D22438116007C0172 /* Sources */ = {
			isa = PBXSourcesBuildPhase;
			buildActionMask = 2147483647;
			files = (
				20536F99224B660C0072872D /* TTView+Extension.swift in Sources */,
				20556F6722438116007C0172 /* ViewController.swift in Sources */,
				2072C7912251BF81000A9587 /* TTMPVolumeView.swift in Sources */,
				2064A7032248B1E000363BDC /* TTRefs.swift in Sources */,
				20536F9B224B6AA00072872D /* TTSlider.swift in Sources */,
				2072C78F2251BF61000A9587 /* TTMPVolume.swift in Sources */,
				2061D6372249B68A006929D8 /* TTBaseController.swift in Sources */,
				2064A6FF2248AC3200363BDC /* TTAVPlayerView.swift in Sources */,
				2064A7012248AEF700363BDC /* TTCONSTDefine.swift in Sources */,
				20BBD0DA2252FA35007D205C /* TTTestViewController.swift in Sources */,
				20883895224C6E27008928BF /* TTTopBarView.swift in Sources */,
				08A5BF332250B60B00FB4FC4 /* TTSlidePlayProgress.swift in Sources */,
				20883893224C69DA008928BF /* TTPlayerOrientation.swift in Sources */,
				2064A7052248B6B100363BDC /* TTLog.swift in Sources */,
				2061D63A2249C6D4006929D8 /* TTHomeController.swift in Sources */,
				2072C78D2251BF29000A9587 /* TTBrightnessView.swift in Sources */,
				20556F6522438116007C0172 /* AppDelegate.swift in Sources */,
				20536F97224B60970072872D /* TTBottomBarView.swift in Sources */,
				2061D6352249B674006929D8 /* TTMainTabBar.swift in Sources */,
				2061D63C2249C6E5006929D8 /* TTMyController.swift in Sources */,
				2061D6332249B665006929D8 /* TTNavigationController.swift in Sources */,
				20536F93224B4D530072872D /* TTAVPlayer.swift in Sources */,
			);
			runOnlyForDeploymentPostprocessing = 0;
		};
/* End PBXSourcesBuildPhase section */

/* Begin PBXVariantGroup section */
		20556F6822438116007C0172 /* Main.storyboard */ = {
			isa = PBXVariantGroup;
			children = (
				20556F6922438116007C0172 /* Base */,
			);
			name = Main.storyboard;
			sourceTree = "<group>";
		};
		20556F6D22438118007C0172 /* LaunchScreen.storyboard */ = {
			isa = PBXVariantGroup;
			children = (
				20556F6E22438118007C0172 /* Base */,
			);
			name = LaunchScreen.storyboard;
			sourceTree = "<group>";
		};
/* End PBXVariantGroup section */

/* Begin XCBuildConfiguration section */
		20556F7122438118007C0172 /* Debug */ = {
			isa = XCBuildConfiguration;
			buildSettings = {
				ALWAYS_SEARCH_USER_PATHS = NO;
				CLANG_ANALYZER_NONNULL = YES;
				CLANG_ANALYZER_NUMBER_OBJECT_CONVERSION = YES_AGGRESSIVE;
				CLANG_CXX_LANGUAGE_STANDARD = "gnu++14";
				CLANG_CXX_LIBRARY = "libc++";
				CLANG_ENABLE_MODULES = YES;
				CLANG_ENABLE_OBJC_ARC = YES;
				CLANG_ENABLE_OBJC_WEAK = YES;
				CLANG_WARN_BLOCK_CAPTURE_AUTORELEASING = YES;
				CLANG_WARN_BOOL_CONVERSION = YES;
				CLANG_WARN_COMMA = YES;
				CLANG_WARN_CONSTANT_CONVERSION = YES;
				CLANG_WARN_DEPRECATED_OBJC_IMPLEMENTATIONS = YES;
				CLANG_WARN_DIRECT_OBJC_ISA_USAGE = YES_ERROR;
				CLANG_WARN_DOCUMENTATION_COMMENTS = YES;
				CLANG_WARN_EMPTY_BODY = YES;
				CLANG_WARN_ENUM_CONVERSION = YES;
				CLANG_WARN_INFINITE_RECURSION = YES;
				CLANG_WARN_INT_CONVERSION = YES;
				CLANG_WARN_NON_LITERAL_NULL_CONVERSION = YES;
				CLANG_WARN_OBJC_IMPLICIT_RETAIN_SELF = YES;
				CLANG_WARN_OBJC_LITERAL_CONVERSION = YES;
				CLANG_WARN_OBJC_ROOT_CLASS = YES_ERROR;
				CLANG_WARN_RANGE_LOOP_ANALYSIS = YES;
				CLANG_WARN_STRICT_PROTOTYPES = YES;
				CLANG_WARN_SUSPICIOUS_MOVE = YES;
				CLANG_WARN_UNGUARDED_AVAILABILITY = YES_AGGRESSIVE;
				CLANG_WARN_UNREACHABLE_CODE = YES;
				CLANG_WARN__DUPLICATE_METHOD_MATCH = YES;
				CODE_SIGN_IDENTITY = "iPhone Developer";
				COPY_PHASE_STRIP = NO;
				DEBUG_INFORMATION_FORMAT = dwarf;
				ENABLE_STRICT_OBJC_MSGSEND = YES;
				ENABLE_TESTABILITY = YES;
				GCC_C_LANGUAGE_STANDARD = gnu11;
				GCC_DYNAMIC_NO_PIC = NO;
				GCC_NO_COMMON_BLOCKS = YES;
				GCC_OPTIMIZATION_LEVEL = 0;
				GCC_PREPROCESSOR_DEFINITIONS = (
					"DEBUG=1",
					"$(inherited)",
				);
				GCC_WARN_64_TO_32_BIT_CONVERSION = YES;
				GCC_WARN_ABOUT_RETURN_TYPE = YES_ERROR;
				GCC_WARN_UNDECLARED_SELECTOR = YES;
				GCC_WARN_UNINITIALIZED_AUTOS = YES_AGGRESSIVE;
				GCC_WARN_UNUSED_FUNCTION = YES;
				GCC_WARN_UNUSED_VARIABLE = YES;
				IPHONEOS_DEPLOYMENT_TARGET = 12.0;
				MTL_ENABLE_DEBUG_INFO = INCLUDE_SOURCE;
				MTL_FAST_MATH = YES;
				ONLY_ACTIVE_ARCH = YES;
				SDKROOT = iphoneos;
				SWIFT_ACTIVE_COMPILATION_CONDITIONS = DEBUG;
				SWIFT_OPTIMIZATION_LEVEL = "-Onone";
			};
			name = Debug;
		};
		20556F7222438118007C0172 /* Release */ = {
			isa = XCBuildConfiguration;
			buildSettings = {
				ALWAYS_SEARCH_USER_PATHS = NO;
				CLANG_ANALYZER_NONNULL = YES;
				CLANG_ANALYZER_NUMBER_OBJECT_CONVERSION = YES_AGGRESSIVE;
				CLANG_CXX_LANGUAGE_STANDARD = "gnu++14";
				CLANG_CXX_LIBRARY = "libc++";
				CLANG_ENABLE_MODULES = YES;
				CLANG_ENABLE_OBJC_ARC = YES;
				CLANG_ENABLE_OBJC_WEAK = YES;
				CLANG_WARN_BLOCK_CAPTURE_AUTORELEASING = YES;
				CLANG_WARN_BOOL_CONVERSION = YES;
				CLANG_WARN_COMMA = YES;
				CLANG_WARN_CONSTANT_CONVERSION = YES;
				CLANG_WARN_DEPRECATED_OBJC_IMPLEMENTATIONS = YES;
				CLANG_WARN_DIRECT_OBJC_ISA_USAGE = YES_ERROR;
				CLANG_WARN_DOCUMENTATION_COMMENTS = YES;
				CLANG_WARN_EMPTY_BODY = YES;
				CLANG_WARN_ENUM_CONVERSION = YES;
				CLANG_WARN_INFINITE_RECURSION = YES;
				CLANG_WARN_INT_CONVERSION = YES;
				CLANG_WARN_NON_LITERAL_NULL_CONVERSION = YES;
				CLANG_WARN_OBJC_IMPLICIT_RETAIN_SELF = YES;
				CLANG_WARN_OBJC_LITERAL_CONVERSION = YES;
				CLANG_WARN_OBJC_ROOT_CLASS = YES_ERROR;
				CLANG_WARN_RANGE_LOOP_ANALYSIS = YES;
				CLANG_WARN_STRICT_PROTOTYPES = YES;
				CLANG_WARN_SUSPICIOUS_MOVE = YES;
				CLANG_WARN_UNGUARDED_AVAILABILITY = YES_AGGRESSIVE;
				CLANG_WARN_UNREACHABLE_CODE = YES;
				CLANG_WARN__DUPLICATE_METHOD_MATCH = YES;
				CODE_SIGN_IDENTITY = "iPhone Developer";
				COPY_PHASE_STRIP = NO;
				DEBUG_INFORMATION_FORMAT = "dwarf-with-dsym";
				ENABLE_NS_ASSERTIONS = NO;
				ENABLE_STRICT_OBJC_MSGSEND = YES;
				GCC_C_LANGUAGE_STANDARD = gnu11;
				GCC_NO_COMMON_BLOCKS = YES;
				GCC_WARN_64_TO_32_BIT_CONVERSION = YES;
				GCC_WARN_ABOUT_RETURN_TYPE = YES_ERROR;
				GCC_WARN_UNDECLARED_SELECTOR = YES;
				GCC_WARN_UNINITIALIZED_AUTOS = YES_AGGRESSIVE;
				GCC_WARN_UNUSED_FUNCTION = YES;
				GCC_WARN_UNUSED_VARIABLE = YES;
				IPHONEOS_DEPLOYMENT_TARGET = 12.0;
				MTL_ENABLE_DEBUG_INFO = NO;
				MTL_FAST_MATH = YES;
				SDKROOT = iphoneos;
				SWIFT_COMPILATION_MODE = wholemodule;
				SWIFT_OPTIMIZATION_LEVEL = "-O";
				VALIDATE_PRODUCT = YES;
			};
			name = Release;
		};
		20556F7422438118007C0172 /* Debug */ = {
			isa = XCBuildConfiguration;
			buildSettings = {
				ASSETCATALOG_COMPILER_APPICON_NAME = AppIcon;
				CODE_SIGN_STYLE = Automatic;
				DEVELOPMENT_TEAM = MGZUJKTG4V;
				INFOPLIST_FILE = TTAVPlayer/Info.plist;
				IPHONEOS_DEPLOYMENT_TARGET = 10.0;
				LD_RUNPATH_SEARCH_PATHS = (
					"$(inherited)",
					"@executable_path/Frameworks",
				);
				PRODUCT_BUNDLE_IDENTIFIER = com.Maiya.TTAVPlayer;
				PRODUCT_NAME = "$(TARGET_NAME)";
				SWIFT_VERSION = 4.2;
				TARGETED_DEVICE_FAMILY = "1,2";
			};
			name = Debug;
		};
		20556F7522438118007C0172 /* Release */ = {
			isa = XCBuildConfiguration;
			buildSettings = {
				ASSETCATALOG_COMPILER_APPICON_NAME = AppIcon;
				CODE_SIGN_STYLE = Automatic;
				DEVELOPMENT_TEAM = MGZUJKTG4V;
				INFOPLIST_FILE = TTAVPlayer/Info.plist;
				IPHONEOS_DEPLOYMENT_TARGET = 10.0;
				LD_RUNPATH_SEARCH_PATHS = (
					"$(inherited)",
					"@executable_path/Frameworks",
				);
				PRODUCT_BUNDLE_IDENTIFIER = com.Maiya.TTAVPlayer;
				PRODUCT_NAME = "$(TARGET_NAME)";
				SWIFT_VERSION = 4.2;
				TARGETED_DEVICE_FAMILY = "1,2";
			};
			name = Release;
		};
/* End XCBuildConfiguration section */

/* Begin XCConfigurationList section */
		20556F5C22438116007C0172 /* Build configuration list for PBXProject "TTAVPlayer" */ = {
			isa = XCConfigurationList;
			buildConfigurations = (
				20556F7122438118007C0172 /* Debug */,
				20556F7222438118007C0172 /* Release */,
			);
			defaultConfigurationIsVisible = 0;
			defaultConfigurationName = Release;
		};
		20556F7322438118007C0172 /* Build configuration list for PBXNativeTarget "TTAVPlayer" */ = {
			isa = XCConfigurationList;
			buildConfigurations = (
				20556F7422438118007C0172 /* Debug */,
				20556F7522438118007C0172 /* Release */,
			);
			defaultConfigurationIsVisible = 0;
			defaultConfigurationName = Release;
		};
/* End XCConfigurationList section */
	};
	rootObject = 20556F5922438116007C0172 /* Project object */;
}
